<?xml version="1.0" encoding="utf-8"?>
<Project ToolsVersion="4.0" xmlns="http://schemas.microsoft.com/developer/msbuild/2003">
  <ItemGroup>
    <Filter Include="Source Files">
      <UniqueIdentifier>{4FC737F1-C7A5-4376-A066-2A32D752A2FF}</UniqueIdentifier>
      <Extensions>cpp;c;cc;cxx;c++;cppm;ixx;def;odl;idl;hpj;bat;asm;asmx</Extensions>
    </Filter>
    <Filter Include="Header Files">
      <UniqueIdentifier>{93995380-89BD-4b04-88EB-625FBE52EBFB}</UniqueIdentifier>
      <Extensions>h;hh;hpp;hxx;h++;hm;inl;inc;ipp;xsd</Extensions>
    </Filter>
    <Filter Include="Resource Files">
      <UniqueIdentifier>{67DA6AB6-F800-4c08-8B7A-83BB121AAD01}</UniqueIdentifier>
      <Extensions>rc;ico;cur;bmp;dlg;rc2;rct;bin;rgs;gif;jpg;jpeg;jpe;resx;tiff;tif;png;wav;mfcribbon-ms</Extensions>
    </Filter>
  </ItemGroup>
  <ItemGroup>
    <ClCompile Include="Source.cpp">
      <Filter>Source Files</Filter>
    </ClCompile>
    <ClCompile Include="Cont.cpp">
      <Filter>Source Files</Filter>
    </ClCompile>
    <ClCompile Include="MosCraciun.cpp">
      <Filter>Source Files</Filter>
    </ClCompile>
    <ClCompile Include="ManagerAdr.cpp">
      <Filter>Source Files</Filter>
    </ClCompile>
    <ClCompile Include="ManagerCD.cpp">
      <Filter>Source Files</Filter>
    </ClCompile>
    <ClCompile Include="ManagerCP.cpp">
      <Filter>Source Files</Filter>
    </ClCompile>
    <ClCompile Include="ManagerDP.cpp">
      <Filter>Source Files</Filter>
    </ClCompile>
    <ClCompile Include="MyException.cpp">
      <Filter>Source Files</Filter>
    </ClCompile>
    <ClCompile Include="App.cpp">
      <Filter>Source Files</Filter>
    </ClCompile>
    <ClCompile Include="Elf.cpp">
      <Filter>Source Files</Filter>
    </ClCompile>
    <ClCompile Include="Componenta.cpp">
      <Filter>Source Files</Filter>
    </ClCompile>
    <ClCompile Include="Roti.cpp">
      <Filter>Source Files</Filter>
    </ClCompile>
    <ClCompile Include="Cadou.cpp">
      <Filter>Source Files</Filter>
    </ClCompile>
    <ClCompile Include="IBuilder.cpp">
      <Filter>Source Files</Filter>
    </ClCompile>
    <ClCompile Include="CBuilder.cpp">
      <Filter>Source Files</Filter>
    </ClCompile>
    <ClCompile Include="Motor.cpp">
      <Filter>Source Files</Filter>
    </ClCompile>
    <ClCompile Include="Turnuri.cpp">
      <Filter>Source Files</Filter>
    </ClCompile>
    <ClCompile Include="ManagerLogger.cpp">
      <Filter>Source Files</Filter>
    </ClCompile>
  </ItemGroup>
  <ItemGroup>
    <ClInclude Include="Cont.h">
      <Filter>Header Files</Filter>
    </ClInclude>
    <ClInclude Include="MosCraciun.h">
      <Filter>Header Files</Filter>
    </ClInclude>
    <ClInclude Include="ManagerAdr.h">
      <Filter>Header Files</Filter>
    </ClInclude>
    <ClInclude Include="ManagerCD.h">
      <Filter>Header Files</Filter>
    </ClInclude>
    <ClInclude Include="ManagerCP.h">
      <Filter>Header Files</Filter>
    </ClInclude>
    <ClInclude Include="ManagerDP.h">
      <Filter>Header Files</Filter>
    </ClInclude>
    <ClInclude Include="MyException.h">
      <Filter>Header Files</Filter>
    </ClInclude>
    <ClInclude Include="App.h">
      <Filter>Header Files</Filter>
    </ClInclude>
    <ClInclude Include="Elf.h">
      <Filter>Header Files</Filter>
    </ClInclude>
    <ClInclude Include="Componenta.h">
      <Filter>Header Files</Filter>
    </ClInclude>
    <ClInclude Include="Roti.h">
      <Filter>Header Files</Filter>
    </ClInclude>
    <ClInclude Include="Cadou.h">
      <Filter>Header Files</Filter>
    </ClInclude>
    <ClInclude Include="IBuilder.h">
      <Filter>Header Files</Filter>
    </ClInclude>
    <ClInclude Include="CBuilder.h">
      <Filter>Header Files</Filter>
    </ClInclude>
    <ClInclude Include="Motor.h">
      <Filter>Header Files</Filter>
    </ClInclude>
    <ClInclude Include="Turnuri.h">
      <Filter>Header Files</Filter>
    </ClInclude>
    <ClInclude Include="ManagerLogger.h">
      <Filter>Header Files</Filter>
    </ClInclude>
  </ItemGroup>
  <ItemGroup>
    <Text Include="BDDatePersonale.txt">
      <Filter>Resource Files</Filter>
    </Text>
    <Text Include="BDAdrese.txt">
      <Filter>Resource Files</Filter>
    </Text>
    <Text Include="BDCadouriDorite.txt">
      <Filter>Resource Files</Filter>
    </Text>
    <Text Include="BDCadouriPrimite.txt">
      <Filter>Resource Files</Filter>
    </Text>
    <Text Include="Conturi.txt">
      <Filter>Resource Files</Filter>
    </Text>
    <Text Include="Logger.log">
      <Filter>Resource Files</Filter>
    </Text>
  </ItemGroup>
</Project>